
Microsoft Visual Studio Solution File, Format Version 12.00
# Visual Studio Version 17
VisualStudioVersion = 17.9.34622.214
MinimumVisualStudioVersion = 10.0.40219.1
Project("{FAE04EC0-301F-11D3-BF4B-00C04F79EFBC}") = "Examen_Web", "Examen_Web\Examen_Web.csproj", "{F17E1833-7D2A-4631-8937-D5BE4CD2999D}"
EndProject
Global
	GlobalSection(SolutionConfigurationPlatforms) = preSolution
		Debug|Any CPU = Debug|Any CPU
		Release|Any CPU = Release|Any CPU
	EndGlobalSection
	GlobalSection(ProjectConfigurationPlatforms) = postSolution
		{F17E1833-7D2A-4631-8937-D5BE4CD2999D}.Debug|Any CPU.ActiveCfg = Debug|Any CPU
		{F17E1833-7D2A-4631-8937-D5BE4CD2999D}.Debug|Any CPU.Build.0 = Debug|Any CPU
		{F17E1833-7D2A-4631-8937-D5BE4CD2999D}.Release|Any CPU.ActiveCfg = Release|Any CPU
		{F17E1833-7D2A-4631-8937-D5BE4CD2999D}.Release|Any CPU.Build.0 = Release|Any CPU
	EndGlobalSection
	GlobalSection(SolutionProperties) = preSolution
		HideSolutionNode = FALSE
	EndGlobalSection
	GlobalSection(ExtensibilityGlobals) = postSolution
		SolutionGuid = {CD4867D1-2F5D-44DA-85A5-6DF66653429B}
	EndGlobalSection
EndGlobal
