
Microsoft Visual Studio Solution File, Format Version 12.00
# Visual Studio Version 17
VisualStudioVersion = 17.9.34622.214
MinimumVisualStudioVersion = 10.0.40219.1
Project("{FAE04EC0-301F-11D3-BF4B-00C04F79EFBC}") = "Examen", "Examen\Examen.csproj", "{2ABF8C52-4B7A-4315-BF4E-6149ACA46F96}"
EndProject
Global
	GlobalSection(SolutionConfigurationPlatforms) = preSolution
		Debug|Any CPU = Debug|Any CPU
		Release|Any CPU = Release|Any CPU
	EndGlobalSection
	GlobalSection(ProjectConfigurationPlatforms) = postSolution
		{2ABF8C52-4B7A-4315-BF4E-6149ACA46F96}.Debug|Any CPU.ActiveCfg = Debug|Any CPU
		{2ABF8C52-4B7A-4315-BF4E-6149ACA46F96}.Debug|Any CPU.Build.0 = Debug|Any CPU
		{2ABF8C52-4B7A-4315-BF4E-6149ACA46F96}.Release|Any CPU.ActiveCfg = Release|Any CPU
		{2ABF8C52-4B7A-4315-BF4E-6149ACA46F96}.Release|Any CPU.Build.0 = Release|Any CPU
	EndGlobalSection
	GlobalSection(SolutionProperties) = preSolution
		HideSolutionNode = FALSE
	EndGlobalSection
	GlobalSection(ExtensibilityGlobals) = postSolution
		SolutionGuid = {2F170C4F-D5DD-429C-8D09-E8818122D1F5}
	EndGlobalSection
EndGlobal
